
Microsoft Visual Studio Solution File, Format Version 12.00
# Visual Studio Version 17
VisualStudioVersion = 17.10.35013.160
MinimumVisualStudioVersion = 10.0.40219.1
Project("{FAE04EC0-301F-11D3-BF4B-00C04F79EFBC}") = "ExercicioCondicional4", "ExercicioCondicional4\ExercicioCondicional4.csproj", "{225FF83E-4FFC-406D-9CC7-2FFABF6273DF}"
EndProject
Global
	GlobalSection(SolutionConfigurationPlatforms) = preSolution
		Debug|Any CPU = Debug|Any CPU
		Release|Any CPU = Release|Any CPU
	EndGlobalSection
	GlobalSection(ProjectConfigurationPlatforms) = postSolution
		{225FF83E-4FFC-406D-9CC7-2FFABF6273DF}.Debug|Any CPU.ActiveCfg = Debug|Any CPU
		{225FF83E-4FFC-406D-9CC7-2FFABF6273DF}.Debug|Any CPU.Build.0 = Debug|Any CPU
		{225FF83E-4FFC-406D-9CC7-2FFABF6273DF}.Release|Any CPU.ActiveCfg = Release|Any CPU
		{225FF83E-4FFC-406D-9CC7-2FFABF6273DF}.Release|Any CPU.Build.0 = Release|Any CPU
	EndGlobalSection
	GlobalSection(SolutionProperties) = preSolution
		HideSolutionNode = FALSE
	EndGlobalSection
	GlobalSection(ExtensibilityGlobals) = postSolution
		SolutionGuid = {B2C8FAE2-9659-4157-9099-A84DC3856A72}
	EndGlobalSection
EndGlobal
