
Microsoft Visual Studio Solution File, Format Version 12.00
# Visual Studio Version 17
VisualStudioVersion = 17.10.35013.160
MinimumVisualStudioVersion = 10.0.40219.1
Project("{FAE04EC0-301F-11D3-BF4B-00C04F79EFBC}") = "ExercicioCondicional3", "ExercicioCondicional3\ExercicioCondicional3.csproj", "{CCE817D8-8291-4139-AFB0-2E40500FCD84}"
EndProject
Global
	GlobalSection(SolutionConfigurationPlatforms) = preSolution
		Debug|Any CPU = Debug|Any CPU
		Release|Any CPU = Release|Any CPU
	EndGlobalSection
	GlobalSection(ProjectConfigurationPlatforms) = postSolution
		{CCE817D8-8291-4139-AFB0-2E40500FCD84}.Debug|Any CPU.ActiveCfg = Debug|Any CPU
		{CCE817D8-8291-4139-AFB0-2E40500FCD84}.Debug|Any CPU.Build.0 = Debug|Any CPU
		{CCE817D8-8291-4139-AFB0-2E40500FCD84}.Release|Any CPU.ActiveCfg = Release|Any CPU
		{CCE817D8-8291-4139-AFB0-2E40500FCD84}.Release|Any CPU.Build.0 = Release|Any CPU
	EndGlobalSection
	GlobalSection(SolutionProperties) = preSolution
		HideSolutionNode = FALSE
	EndGlobalSection
	GlobalSection(ExtensibilityGlobals) = postSolution
		SolutionGuid = {5DFE1070-D828-4592-917F-5497BB774B8B}
	EndGlobalSection
EndGlobal
