
Microsoft Visual Studio Solution File, Format Version 12.00
# Visual Studio Version 17
VisualStudioVersion = 17.10.35013.160
MinimumVisualStudioVersion = 10.0.40219.1
Project("{FAE04EC0-301F-11D3-BF4B-00C04F79EFBC}") = "ExercicioPOO1", "ExercicioPOO1\ExercicioPOO1.csproj", "{C6EA8F85-BDCE-43F9-897C-FE2B68509D41}"
EndProject
Global
	GlobalSection(SolutionConfigurationPlatforms) = preSolution
		Debug|Any CPU = Debug|Any CPU
		Release|Any CPU = Release|Any CPU
	EndGlobalSection
	GlobalSection(ProjectConfigurationPlatforms) = postSolution
		{C6EA8F85-BDCE-43F9-897C-FE2B68509D41}.Debug|Any CPU.ActiveCfg = Debug|Any CPU
		{C6EA8F85-BDCE-43F9-897C-FE2B68509D41}.Debug|Any CPU.Build.0 = Debug|Any CPU
		{C6EA8F85-BDCE-43F9-897C-FE2B68509D41}.Release|Any CPU.ActiveCfg = Release|Any CPU
		{C6EA8F85-BDCE-43F9-897C-FE2B68509D41}.Release|Any CPU.Build.0 = Release|Any CPU
	EndGlobalSection
	GlobalSection(SolutionProperties) = preSolution
		HideSolutionNode = FALSE
	EndGlobalSection
	GlobalSection(ExtensibilityGlobals) = postSolution
		SolutionGuid = {24CEAF6B-0231-4B24-9DE5-E447BF7069C5}
	EndGlobalSection
EndGlobal
