
Microsoft Visual Studio Solution File, Format Version 12.00
# Visual Studio Version 17
VisualStudioVersion = 17.10.35013.160
MinimumVisualStudioVersion = 10.0.40219.1
Project("{FAE04EC0-301F-11D3-BF4B-00C04F79EFBC}") = "Course", "Course\Course.csproj", "{70E2BB68-71B2-4F02-91FB-CDD80A3B63D4}"
EndProject
Global
	GlobalSection(SolutionConfigurationPlatforms) = preSolution
		Debug|Any CPU = Debug|Any CPU
		Release|Any CPU = Release|Any CPU
	EndGlobalSection
	GlobalSection(ProjectConfigurationPlatforms) = postSolution
		{70E2BB68-71B2-4F02-91FB-CDD80A3B63D4}.Debug|Any CPU.ActiveCfg = Debug|Any CPU
		{70E2BB68-71B2-4F02-91FB-CDD80A3B63D4}.Debug|Any CPU.Build.0 = Debug|Any CPU
		{70E2BB68-71B2-4F02-91FB-CDD80A3B63D4}.Release|Any CPU.ActiveCfg = Release|Any CPU
		{70E2BB68-71B2-4F02-91FB-CDD80A3B63D4}.Release|Any CPU.Build.0 = Release|Any CPU
	EndGlobalSection
	GlobalSection(SolutionProperties) = preSolution
		HideSolutionNode = FALSE
	EndGlobalSection
	GlobalSection(ExtensibilityGlobals) = postSolution
		SolutionGuid = {79C37733-8067-4D5D-9E41-899BB65FCDD3}
	EndGlobalSection
EndGlobal
